
Microsoft Visual Studio Solution File, Format Version 12.00
# Visual Studio Version 17
VisualStudioVersion = 17.5.33530.505
MinimumVisualStudioVersion = 10.0.40219.1
Project("{2150E333-8FDC-42A3-9474-1A3956D46DE8}") = "Product", "Product", "{63F642A9-437C-46DD-A627-B19AD100BE85}"
EndProject
Project("{9A19103F-16F7-4668-BE54-9A1E7A4F7556}") = "Product.Domain", "Product\Product.Domain\Product.Domain.csproj", "{684F418E-5FF2-457A-8775-DD76A713C1C3}"
EndProject
Project("{9A19103F-16F7-4668-BE54-9A1E7A4F7556}") = "Product.Application", "Product\Product.Application\Product.Application.csproj", "{24AFFB3D-D204-4473-A196-763D544705A9}"
EndProject
Project("{9A19103F-16F7-4668-BE54-9A1E7A4F7556}") = "Product.Infrastructure", "Product\Product.Infrastructure\Product.Infrastructure.csproj", "{00191C61-A814-4273-B3BE-2D4873C7A361}"
EndProject
Project("{9A19103F-16F7-4668-BE54-9A1E7A4F7556}") = "Product.API", "Product\Product.API\Product.API.csproj", "{79E2F2CA-991A-49E4-A9B0-F926E97EFF5F}"
EndProject
Project("{2150E333-8FDC-42A3-9474-1A3956D46DE8}") = "Order", "Order", "{0DA9A6D2-7EE8-4BB5-918C-3E5608AE222A}"
EndProject
Project("{9A19103F-16F7-4668-BE54-9A1E7A4F7556}") = "Order.Domain", "Order\Order.Domain\Order.Domain.csproj", "{1A12C838-8339-481B-B5CE-03329E9B25C2}"
EndProject
Project("{9A19103F-16F7-4668-BE54-9A1E7A4F7556}") = "Order.Application", "Order\Order.Application\Order.Application.csproj", "{87C78261-460A-4C0C-ABA5-B595CFE440CC}"
EndProject
Project("{9A19103F-16F7-4668-BE54-9A1E7A4F7556}") = "Order.Infrastructure", "Order\Order.Infrastructure\Order.Infrastructure.csproj", "{F1B0EA44-E8DC-4E2E-B6E1-78A5DD5F20D0}"
EndProject
Project("{9A19103F-16F7-4668-BE54-9A1E7A4F7556}") = "Order.API", "Order\Order.API\Order.API.csproj", "{B1449DA6-F9E4-4A04-98C6-DC89C697EEEB}"
EndProject
Project("{9A19103F-16F7-4668-BE54-9A1E7A4F7556}") = "Order.Test", "Order\Order.Test\Order.Test.csproj", "{CE6E6266-D4AA-4EEF-8BA6-FD515E7A9AF9}"
EndProject
Project("{9A19103F-16F7-4668-BE54-9A1E7A4F7556}") = "Product.Test", "Product\Product.Test\Product.Test.csproj", "{38FFE5C4-38FF-4B62-98BE-8D01814953B5}"
EndProject
Project("{2150E333-8FDC-42A3-9474-1A3956D46DE8}") = "Gateway", "Gateway", "{E3569389-DE88-4AA4-A2C9-74AB66125D56}"
EndProject
Project("{9A19103F-16F7-4668-BE54-9A1E7A4F7556}") = "Gateway.Web", "OcelotGateway\Gateway.Web\Gateway.Web.csproj", "{6975F67D-41B9-44B3-9AAD-CD22C6CBD52D}"
EndProject
Project("{2150E333-8FDC-42A3-9474-1A3956D46DE8}") = "MicroService", "MicroService", "{A8C0D8D7-189D-4F84-8B6A-74F5BA80CD73}"
EndProject
Project("{2150E333-8FDC-42A3-9474-1A3956D46DE8}") = "Authentication", "Authentication", "{65B2EC39-42F9-4F6B-A11B-F015E0A2CC3A}"
EndProject
Project("{9A19103F-16F7-4668-BE54-9A1E7A4F7556}") = "Auth.Data", "Authentication\Auth.Data\Auth.Data.csproj", "{3CC1968F-6702-4A64-A00E-A38B644C8CCC}"
EndProject
Project("{9A19103F-16F7-4668-BE54-9A1E7A4F7556}") = "Auth.API", "Authentication\Auth.API\Auth.API.csproj", "{DBE69A6F-DDA1-4588-8587-D2128E2BB97D}"
EndProject
Project("{9A19103F-16F7-4668-BE54-9A1E7A4F7556}") = "Auth.Service", "Authentication\Auth.Service\Auth.Service.csproj", "{41DDB460-1F9E-4E1F-AA61-6F09B20E139F}"
EndProject
Global
	GlobalSection(SolutionConfigurationPlatforms) = preSolution
		Debug|Any CPU = Debug|Any CPU
		Release|Any CPU = Release|Any CPU
	EndGlobalSection
	GlobalSection(ProjectConfigurationPlatforms) = postSolution
		{684F418E-5FF2-457A-8775-DD76A713C1C3}.Debug|Any CPU.ActiveCfg = Debug|Any CPU
		{684F418E-5FF2-457A-8775-DD76A713C1C3}.Debug|Any CPU.Build.0 = Debug|Any CPU
		{684F418E-5FF2-457A-8775-DD76A713C1C3}.Release|Any CPU.ActiveCfg = Release|Any CPU
		{684F418E-5FF2-457A-8775-DD76A713C1C3}.Release|Any CPU.Build.0 = Release|Any CPU
		{24AFFB3D-D204-4473-A196-763D544705A9}.Debug|Any CPU.ActiveCfg = Debug|Any CPU
		{24AFFB3D-D204-4473-A196-763D544705A9}.Debug|Any CPU.Build.0 = Debug|Any CPU
		{24AFFB3D-D204-4473-A196-763D544705A9}.Release|Any CPU.ActiveCfg = Release|Any CPU
		{24AFFB3D-D204-4473-A196-763D544705A9}.Release|Any CPU.Build.0 = Release|Any CPU
		{00191C61-A814-4273-B3BE-2D4873C7A361}.Debug|Any CPU.ActiveCfg = Debug|Any CPU
		{00191C61-A814-4273-B3BE-2D4873C7A361}.Debug|Any CPU.Build.0 = Debug|Any CPU
		{00191C61-A814-4273-B3BE-2D4873C7A361}.Release|Any CPU.ActiveCfg = Release|Any CPU
		{00191C61-A814-4273-B3BE-2D4873C7A361}.Release|Any CPU.Build.0 = Release|Any CPU
		{79E2F2CA-991A-49E4-A9B0-F926E97EFF5F}.Debug|Any CPU.ActiveCfg = Debug|Any CPU
		{79E2F2CA-991A-49E4-A9B0-F926E97EFF5F}.Debug|Any CPU.Build.0 = Debug|Any CPU
		{79E2F2CA-991A-49E4-A9B0-F926E97EFF5F}.Release|Any CPU.ActiveCfg = Release|Any CPU
		{79E2F2CA-991A-49E4-A9B0-F926E97EFF5F}.Release|Any CPU.Build.0 = Release|Any CPU
		{1A12C838-8339-481B-B5CE-03329E9B25C2}.Debug|Any CPU.ActiveCfg = Debug|Any CPU
		{1A12C838-8339-481B-B5CE-03329E9B25C2}.Debug|Any CPU.Build.0 = Debug|Any CPU
		{1A12C838-8339-481B-B5CE-03329E9B25C2}.Release|Any CPU.ActiveCfg = Release|Any CPU
		{1A12C838-8339-481B-B5CE-03329E9B25C2}.Release|Any CPU.Build.0 = Release|Any CPU
		{87C78261-460A-4C0C-ABA5-B595CFE440CC}.Debug|Any CPU.ActiveCfg = Debug|Any CPU
		{87C78261-460A-4C0C-ABA5-B595CFE440CC}.Debug|Any CPU.Build.0 = Debug|Any CPU
		{87C78261-460A-4C0C-ABA5-B595CFE440CC}.Release|Any CPU.ActiveCfg = Release|Any CPU
		{87C78261-460A-4C0C-ABA5-B595CFE440CC}.Release|Any CPU.Build.0 = Release|Any CPU
		{F1B0EA44-E8DC-4E2E-B6E1-78A5DD5F20D0}.Debug|Any CPU.ActiveCfg = Debug|Any CPU
		{F1B0EA44-E8DC-4E2E-B6E1-78A5DD5F20D0}.Debug|Any CPU.Build.0 = Debug|Any CPU
		{F1B0EA44-E8DC-4E2E-B6E1-78A5DD5F20D0}.Release|Any CPU.ActiveCfg = Release|Any CPU
		{F1B0EA44-E8DC-4E2E-B6E1-78A5DD5F20D0}.Release|Any CPU.Build.0 = Release|Any CPU
		{B1449DA6-F9E4-4A04-98C6-DC89C697EEEB}.Debug|Any CPU.ActiveCfg = Debug|Any CPU
		{B1449DA6-F9E4-4A04-98C6-DC89C697EEEB}.Debug|Any CPU.Build.0 = Debug|Any CPU
		{B1449DA6-F9E4-4A04-98C6-DC89C697EEEB}.Release|Any CPU.ActiveCfg = Release|Any CPU
		{B1449DA6-F9E4-4A04-98C6-DC89C697EEEB}.Release|Any CPU.Build.0 = Release|Any CPU
		{CE6E6266-D4AA-4EEF-8BA6-FD515E7A9AF9}.Debug|Any CPU.ActiveCfg = Debug|Any CPU
		{CE6E6266-D4AA-4EEF-8BA6-FD515E7A9AF9}.Debug|Any CPU.Build.0 = Debug|Any CPU
		{CE6E6266-D4AA-4EEF-8BA6-FD515E7A9AF9}.Release|Any CPU.ActiveCfg = Release|Any CPU
		{CE6E6266-D4AA-4EEF-8BA6-FD515E7A9AF9}.Release|Any CPU.Build.0 = Release|Any CPU
		{38FFE5C4-38FF-4B62-98BE-8D01814953B5}.Debug|Any CPU.ActiveCfg = Debug|Any CPU
		{38FFE5C4-38FF-4B62-98BE-8D01814953B5}.Debug|Any CPU.Build.0 = Debug|Any CPU
		{38FFE5C4-38FF-4B62-98BE-8D01814953B5}.Release|Any CPU.ActiveCfg = Release|Any CPU
		{38FFE5C4-38FF-4B62-98BE-8D01814953B5}.Release|Any CPU.Build.0 = Release|Any CPU
		{6975F67D-41B9-44B3-9AAD-CD22C6CBD52D}.Debug|Any CPU.ActiveCfg = Debug|Any CPU
		{6975F67D-41B9-44B3-9AAD-CD22C6CBD52D}.Debug|Any CPU.Build.0 = Debug|Any CPU
		{6975F67D-41B9-44B3-9AAD-CD22C6CBD52D}.Release|Any CPU.ActiveCfg = Release|Any CPU
		{6975F67D-41B9-44B3-9AAD-CD22C6CBD52D}.Release|Any CPU.Build.0 = Release|Any CPU
		{3CC1968F-6702-4A64-A00E-A38B644C8CCC}.Debug|Any CPU.ActiveCfg = Debug|Any CPU
		{3CC1968F-6702-4A64-A00E-A38B644C8CCC}.Debug|Any CPU.Build.0 = Debug|Any CPU
		{3CC1968F-6702-4A64-A00E-A38B644C8CCC}.Release|Any CPU.ActiveCfg = Release|Any CPU
		{3CC1968F-6702-4A64-A00E-A38B644C8CCC}.Release|Any CPU.Build.0 = Release|Any CPU
		{DBE69A6F-DDA1-4588-8587-D2128E2BB97D}.Debug|Any CPU.ActiveCfg = Debug|Any CPU
		{DBE69A6F-DDA1-4588-8587-D2128E2BB97D}.Debug|Any CPU.Build.0 = Debug|Any CPU
		{DBE69A6F-DDA1-4588-8587-D2128E2BB97D}.Release|Any CPU.ActiveCfg = Release|Any CPU
		{DBE69A6F-DDA1-4588-8587-D2128E2BB97D}.Release|Any CPU.Build.0 = Release|Any CPU
		{41DDB460-1F9E-4E1F-AA61-6F09B20E139F}.Debug|Any CPU.ActiveCfg = Debug|Any CPU
		{41DDB460-1F9E-4E1F-AA61-6F09B20E139F}.Debug|Any CPU.Build.0 = Debug|Any CPU
		{41DDB460-1F9E-4E1F-AA61-6F09B20E139F}.Release|Any CPU.ActiveCfg = Release|Any CPU
		{41DDB460-1F9E-4E1F-AA61-6F09B20E139F}.Release|Any CPU.Build.0 = Release|Any CPU
	EndGlobalSection
	GlobalSection(SolutionProperties) = preSolution
		HideSolutionNode = FALSE
	EndGlobalSection
	GlobalSection(NestedProjects) = preSolution
		{63F642A9-437C-46DD-A627-B19AD100BE85} = {A8C0D8D7-189D-4F84-8B6A-74F5BA80CD73}
		{684F418E-5FF2-457A-8775-DD76A713C1C3} = {63F642A9-437C-46DD-A627-B19AD100BE85}
		{24AFFB3D-D204-4473-A196-763D544705A9} = {63F642A9-437C-46DD-A627-B19AD100BE85}
		{00191C61-A814-4273-B3BE-2D4873C7A361} = {63F642A9-437C-46DD-A627-B19AD100BE85}
		{79E2F2CA-991A-49E4-A9B0-F926E97EFF5F} = {63F642A9-437C-46DD-A627-B19AD100BE85}
		{0DA9A6D2-7EE8-4BB5-918C-3E5608AE222A} = {A8C0D8D7-189D-4F84-8B6A-74F5BA80CD73}
		{1A12C838-8339-481B-B5CE-03329E9B25C2} = {0DA9A6D2-7EE8-4BB5-918C-3E5608AE222A}
		{87C78261-460A-4C0C-ABA5-B595CFE440CC} = {0DA9A6D2-7EE8-4BB5-918C-3E5608AE222A}
		{F1B0EA44-E8DC-4E2E-B6E1-78A5DD5F20D0} = {0DA9A6D2-7EE8-4BB5-918C-3E5608AE222A}
		{B1449DA6-F9E4-4A04-98C6-DC89C697EEEB} = {0DA9A6D2-7EE8-4BB5-918C-3E5608AE222A}
		{CE6E6266-D4AA-4EEF-8BA6-FD515E7A9AF9} = {0DA9A6D2-7EE8-4BB5-918C-3E5608AE222A}
		{38FFE5C4-38FF-4B62-98BE-8D01814953B5} = {63F642A9-437C-46DD-A627-B19AD100BE85}
		{6975F67D-41B9-44B3-9AAD-CD22C6CBD52D} = {E3569389-DE88-4AA4-A2C9-74AB66125D56}
		{3CC1968F-6702-4A64-A00E-A38B644C8CCC} = {65B2EC39-42F9-4F6B-A11B-F015E0A2CC3A}
		{DBE69A6F-DDA1-4588-8587-D2128E2BB97D} = {65B2EC39-42F9-4F6B-A11B-F015E0A2CC3A}
		{41DDB460-1F9E-4E1F-AA61-6F09B20E139F} = {65B2EC39-42F9-4F6B-A11B-F015E0A2CC3A}
	EndGlobalSection
	GlobalSection(ExtensibilityGlobals) = postSolution
		SolutionGuid = {7592A8C7-C29E-4AD9-B839-78C3EAF09101}
	EndGlobalSection
EndGlobal
